
Microsoft Visual Studio Solution File, Format Version 12.00
# Visual Studio Version 17
VisualStudioVersion = 17.5.33627.172
MinimumVisualStudioVersion = 10.0.40219.1
Project("{FAE04EC0-301F-11D3-BF4B-00C04F79EFBC}") = "cycles", "cycles\cycles.csproj", "{EE4DEB33-EBDC-4E4A-BFA7-EF5501AD2D2F}"
EndProject
Global
	GlobalSection(SolutionConfigurationPlatforms) = preSolution
		Debug|Any CPU = Debug|Any CPU
		Release|Any CPU = Release|Any CPU
	EndGlobalSection
	GlobalSection(ProjectConfigurationPlatforms) = postSolution
		{EE4DEB33-EBDC-4E4A-BFA7-EF5501AD2D2F}.Debug|Any CPU.ActiveCfg = Debug|Any CPU
		{EE4DEB33-EBDC-4E4A-BFA7-EF5501AD2D2F}.Debug|Any CPU.Build.0 = Debug|Any CPU
		{EE4DEB33-EBDC-4E4A-BFA7-EF5501AD2D2F}.Release|Any CPU.ActiveCfg = Release|Any CPU
		{EE4DEB33-EBDC-4E4A-BFA7-EF5501AD2D2F}.Release|Any CPU.Build.0 = Release|Any CPU
	EndGlobalSection
	GlobalSection(SolutionProperties) = preSolution
		HideSolutionNode = FALSE
	EndGlobalSection
	GlobalSection(ExtensibilityGlobals) = postSolution
		SolutionGuid = {7996E1DF-4E35-419F-B90B-0DEB0548C343}
	EndGlobalSection
EndGlobal
